
Microsoft Visual Studio Solution File, Format Version 12.00
# Visual Studio 15
VisualStudioVersion = 15.0.27703.2035
MinimumVisualStudioVersion = 10.0.40219.1
Project("{2150E333-8FDC-42A3-9474-1A3956D46DE8}") = "1. Web", "1. Web", "{C42BE73C-EC48-4808-AC10-70753D4AC69C}"
EndProject
Project("{2150E333-8FDC-42A3-9474-1A3956D46DE8}") = "2. Modules", "2. Modules", "{580AD110-C597-4013-96A0-E2EECD5B2B48}"
EndProject
Project("{2150E333-8FDC-42A3-9474-1A3956D46DE8}") = "3. Foundation", "3. Foundation", "{B956BA9E-9ACF-4DF4-A73F-9AEF2894CFA2}"
EndProject
Project("{2150E333-8FDC-42A3-9474-1A3956D46DE8}") = "4. PlugIn", "4. PlugIn", "{B452A773-9B38-49FB-A7EC-B6D9EA436BD3}"
EndProject
Project("{FAE04EC0-301F-11D3-BF4B-00C04F79EFBC}") = "AmCart.Core", "Foundation\AmCart.Core\AmCart.Core.csproj", "{BCE39C63-554D-444C-B71D-7DDB854515BE}"
EndProject
Project("{FAE04EC0-301F-11D3-BF4B-00C04F79EFBC}") = "AmCart.Core.AppServices", "Foundation\AmCart.Core.AppServices\AmCart.Core.AppServices.csproj", "{3A3FCF08-F0C9-4C94-A977-7674F605FC9E}"
	ProjectSection(ProjectDependencies) = postProject
		{BCE39C63-554D-444C-B71D-7DDB854515BE} = {BCE39C63-554D-444C-B71D-7DDB854515BE}
		{4655B586-3785-4354-93F2-09CF5F240FE7} = {4655B586-3785-4354-93F2-09CF5F240FE7}
		{206C70BE-5EAB-497C-BBA6-D1A7D5395FFE} = {206C70BE-5EAB-497C-BBA6-D1A7D5395FFE}
	EndProjectSection
EndProject
Project("{FAE04EC0-301F-11D3-BF4B-00C04F79EFBC}") = "AmCart.Core.Data", "Foundation\AmCart.Core.Data\AmCart.Core.Data.csproj", "{206C70BE-5EAB-497C-BBA6-D1A7D5395FFE}"
EndProject
Project("{FAE04EC0-301F-11D3-BF4B-00C04F79EFBC}") = "AmCart.Core.Domain", "Foundation\AmCart.Core.Domain\AmCart.Core.Domain.csproj", "{4655B586-3785-4354-93F2-09CF5F240FE7}"
	ProjectSection(ProjectDependencies) = postProject
		{BCE39C63-554D-444C-B71D-7DDB854515BE} = {BCE39C63-554D-444C-B71D-7DDB854515BE}
		{206C70BE-5EAB-497C-BBA6-D1A7D5395FFE} = {206C70BE-5EAB-497C-BBA6-D1A7D5395FFE}
	EndProjectSection
EndProject
Project("{FAE04EC0-301F-11D3-BF4B-00C04F79EFBC}") = "AmCart.Core.WebMVC", "Foundation\AmCart.Core.WebMVC\AmCart.Core.WebMVC.csproj", "{93A90664-4C1F-4D71-B554-D78EB473833B}"
	ProjectSection(ProjectDependencies) = postProject
		{BCE39C63-554D-444C-B71D-7DDB854515BE} = {BCE39C63-554D-444C-B71D-7DDB854515BE}
	EndProjectSection
EndProject
Project("{FAE04EC0-301F-11D3-BF4B-00C04F79EFBC}") = "AmCart.Logging.NLog", "PlugIn\AmCart.Logging.NLog\AmCart.Logging.NLog.csproj", "{D2B1D43F-41B1-4A6A-BB33-7355AF5380FE}"
	ProjectSection(ProjectDependencies) = postProject
		{BCE39C63-554D-444C-B71D-7DDB854515BE} = {BCE39C63-554D-444C-B71D-7DDB854515BE}
	EndProjectSection
EndProject
Project("{FAE04EC0-301F-11D3-BF4B-00C04F79EFBC}") = "AmCart.Caching.Redis", "PlugIn\AmCart.Caching.Redis\AmCart.Caching.Redis.csproj", "{FBB625C8-701B-4974-9B61-8EA78E56CCAE}"
EndProject
Project("{2150E333-8FDC-42A3-9474-1A3956D46DE8}") = "ProductModule", "ProductModule", "{B2058C2A-71A6-4294-A492-5ECC5FD1802C}"
EndProject
Project("{FAE04EC0-301F-11D3-BF4B-00C04F79EFBC}") = "AmCart.ProductModule", "Modules\ProductModule\AmCart.ProductModule\AmCart.ProductModule.csproj", "{6CA4B881-1984-4ACB-9629-8807CCDB0CE4}"
	ProjectSection(ProjectDependencies) = postProject
		{3A3FCF08-F0C9-4C94-A977-7674F605FC9E} = {3A3FCF08-F0C9-4C94-A977-7674F605FC9E}
		{D2B1D43F-41B1-4A6A-BB33-7355AF5380FE} = {D2B1D43F-41B1-4A6A-BB33-7355AF5380FE}
		{BCE39C63-554D-444C-B71D-7DDB854515BE} = {BCE39C63-554D-444C-B71D-7DDB854515BE}
		{93A90664-4C1F-4D71-B554-D78EB473833B} = {93A90664-4C1F-4D71-B554-D78EB473833B}
		{4655B586-3785-4354-93F2-09CF5F240FE7} = {4655B586-3785-4354-93F2-09CF5F240FE7}
		{206C70BE-5EAB-497C-BBA6-D1A7D5395FFE} = {206C70BE-5EAB-497C-BBA6-D1A7D5395FFE}
		{FBB625C8-701B-4974-9B61-8EA78E56CCAE} = {FBB625C8-701B-4974-9B61-8EA78E56CCAE}
	EndProjectSection
EndProject
Project("{FAE04EC0-301F-11D3-BF4B-00C04F79EFBC}") = "AmCart.ProductModule.WebAPI", "Modules\ProductModule\AmCart.ProductModule.WebAPI\AmCart.ProductModule.WebAPI.csproj", "{A08D8523-92A5-422C-AF60-09E55D7EC793}"
	ProjectSection(ProjectDependencies) = postProject
		{3A3FCF08-F0C9-4C94-A977-7674F605FC9E} = {3A3FCF08-F0C9-4C94-A977-7674F605FC9E}
		{D2B1D43F-41B1-4A6A-BB33-7355AF5380FE} = {D2B1D43F-41B1-4A6A-BB33-7355AF5380FE}
		{BCE39C63-554D-444C-B71D-7DDB854515BE} = {BCE39C63-554D-444C-B71D-7DDB854515BE}
		{93A90664-4C1F-4D71-B554-D78EB473833B} = {93A90664-4C1F-4D71-B554-D78EB473833B}
		{6CA4B881-1984-4ACB-9629-8807CCDB0CE4} = {6CA4B881-1984-4ACB-9629-8807CCDB0CE4}
		{4655B586-3785-4354-93F2-09CF5F240FE7} = {4655B586-3785-4354-93F2-09CF5F240FE7}
		{206C70BE-5EAB-497C-BBA6-D1A7D5395FFE} = {206C70BE-5EAB-497C-BBA6-D1A7D5395FFE}
		{FBB625C8-701B-4974-9B61-8EA78E56CCAE} = {FBB625C8-701B-4974-9B61-8EA78E56CCAE}
	EndProjectSection
EndProject
Project("{E53339B2-1760-4266-BCC7-CA923CBCF16C}") = "docker-compose", "docker-compose.dcproj", "{79800774-4F42-4868-8B1F-22746340FA39}"
EndProject
Global
	GlobalSection(SolutionConfigurationPlatforms) = preSolution
		Debug|Any CPU = Debug|Any CPU
		Release|Any CPU = Release|Any CPU
	EndGlobalSection
	GlobalSection(ProjectConfigurationPlatforms) = postSolution
		{BCE39C63-554D-444C-B71D-7DDB854515BE}.Debug|Any CPU.ActiveCfg = Debug|Any CPU
		{BCE39C63-554D-444C-B71D-7DDB854515BE}.Debug|Any CPU.Build.0 = Debug|Any CPU
		{BCE39C63-554D-444C-B71D-7DDB854515BE}.Release|Any CPU.ActiveCfg = Release|Any CPU
		{BCE39C63-554D-444C-B71D-7DDB854515BE}.Release|Any CPU.Build.0 = Release|Any CPU
		{3A3FCF08-F0C9-4C94-A977-7674F605FC9E}.Debug|Any CPU.ActiveCfg = Debug|Any CPU
		{3A3FCF08-F0C9-4C94-A977-7674F605FC9E}.Debug|Any CPU.Build.0 = Debug|Any CPU
		{3A3FCF08-F0C9-4C94-A977-7674F605FC9E}.Release|Any CPU.ActiveCfg = Release|Any CPU
		{3A3FCF08-F0C9-4C94-A977-7674F605FC9E}.Release|Any CPU.Build.0 = Release|Any CPU
		{206C70BE-5EAB-497C-BBA6-D1A7D5395FFE}.Debug|Any CPU.ActiveCfg = Debug|Any CPU
		{206C70BE-5EAB-497C-BBA6-D1A7D5395FFE}.Debug|Any CPU.Build.0 = Debug|Any CPU
		{206C70BE-5EAB-497C-BBA6-D1A7D5395FFE}.Release|Any CPU.ActiveCfg = Release|Any CPU
		{206C70BE-5EAB-497C-BBA6-D1A7D5395FFE}.Release|Any CPU.Build.0 = Release|Any CPU
		{4655B586-3785-4354-93F2-09CF5F240FE7}.Debug|Any CPU.ActiveCfg = Debug|Any CPU
		{4655B586-3785-4354-93F2-09CF5F240FE7}.Debug|Any CPU.Build.0 = Debug|Any CPU
		{4655B586-3785-4354-93F2-09CF5F240FE7}.Release|Any CPU.ActiveCfg = Release|Any CPU
		{4655B586-3785-4354-93F2-09CF5F240FE7}.Release|Any CPU.Build.0 = Release|Any CPU
		{93A90664-4C1F-4D71-B554-D78EB473833B}.Debug|Any CPU.ActiveCfg = Debug|Any CPU
		{93A90664-4C1F-4D71-B554-D78EB473833B}.Debug|Any CPU.Build.0 = Debug|Any CPU
		{93A90664-4C1F-4D71-B554-D78EB473833B}.Release|Any CPU.ActiveCfg = Release|Any CPU
		{93A90664-4C1F-4D71-B554-D78EB473833B}.Release|Any CPU.Build.0 = Release|Any CPU
		{D2B1D43F-41B1-4A6A-BB33-7355AF5380FE}.Debug|Any CPU.ActiveCfg = Debug|Any CPU
		{D2B1D43F-41B1-4A6A-BB33-7355AF5380FE}.Debug|Any CPU.Build.0 = Debug|Any CPU
		{D2B1D43F-41B1-4A6A-BB33-7355AF5380FE}.Release|Any CPU.ActiveCfg = Release|Any CPU
		{D2B1D43F-41B1-4A6A-BB33-7355AF5380FE}.Release|Any CPU.Build.0 = Release|Any CPU
		{FBB625C8-701B-4974-9B61-8EA78E56CCAE}.Debug|Any CPU.ActiveCfg = Debug|Any CPU
		{FBB625C8-701B-4974-9B61-8EA78E56CCAE}.Debug|Any CPU.Build.0 = Debug|Any CPU
		{FBB625C8-701B-4974-9B61-8EA78E56CCAE}.Release|Any CPU.ActiveCfg = Release|Any CPU
		{FBB625C8-701B-4974-9B61-8EA78E56CCAE}.Release|Any CPU.Build.0 = Release|Any CPU
		{6CA4B881-1984-4ACB-9629-8807CCDB0CE4}.Debug|Any CPU.ActiveCfg = Debug|Any CPU
		{6CA4B881-1984-4ACB-9629-8807CCDB0CE4}.Debug|Any CPU.Build.0 = Debug|Any CPU
		{6CA4B881-1984-4ACB-9629-8807CCDB0CE4}.Release|Any CPU.ActiveCfg = Release|Any CPU
		{6CA4B881-1984-4ACB-9629-8807CCDB0CE4}.Release|Any CPU.Build.0 = Release|Any CPU
		{A08D8523-92A5-422C-AF60-09E55D7EC793}.Debug|Any CPU.ActiveCfg = Debug|Any CPU
		{A08D8523-92A5-422C-AF60-09E55D7EC793}.Debug|Any CPU.Build.0 = Debug|Any CPU
		{A08D8523-92A5-422C-AF60-09E55D7EC793}.Release|Any CPU.ActiveCfg = Release|Any CPU
		{A08D8523-92A5-422C-AF60-09E55D7EC793}.Release|Any CPU.Build.0 = Release|Any CPU
		{79800774-4F42-4868-8B1F-22746340FA39}.Debug|Any CPU.ActiveCfg = Debug|Any CPU
		{79800774-4F42-4868-8B1F-22746340FA39}.Debug|Any CPU.Build.0 = Debug|Any CPU
		{79800774-4F42-4868-8B1F-22746340FA39}.Release|Any CPU.ActiveCfg = Release|Any CPU
		{79800774-4F42-4868-8B1F-22746340FA39}.Release|Any CPU.Build.0 = Release|Any CPU
	EndGlobalSection
	GlobalSection(SolutionProperties) = preSolution
		HideSolutionNode = FALSE
	EndGlobalSection
	GlobalSection(NestedProjects) = preSolution
		{BCE39C63-554D-444C-B71D-7DDB854515BE} = {B956BA9E-9ACF-4DF4-A73F-9AEF2894CFA2}
		{3A3FCF08-F0C9-4C94-A977-7674F605FC9E} = {B956BA9E-9ACF-4DF4-A73F-9AEF2894CFA2}
		{206C70BE-5EAB-497C-BBA6-D1A7D5395FFE} = {B956BA9E-9ACF-4DF4-A73F-9AEF2894CFA2}
		{4655B586-3785-4354-93F2-09CF5F240FE7} = {B956BA9E-9ACF-4DF4-A73F-9AEF2894CFA2}
		{93A90664-4C1F-4D71-B554-D78EB473833B} = {B956BA9E-9ACF-4DF4-A73F-9AEF2894CFA2}
		{D2B1D43F-41B1-4A6A-BB33-7355AF5380FE} = {B452A773-9B38-49FB-A7EC-B6D9EA436BD3}
		{FBB625C8-701B-4974-9B61-8EA78E56CCAE} = {B452A773-9B38-49FB-A7EC-B6D9EA436BD3}
		{B2058C2A-71A6-4294-A492-5ECC5FD1802C} = {580AD110-C597-4013-96A0-E2EECD5B2B48}
		{6CA4B881-1984-4ACB-9629-8807CCDB0CE4} = {B2058C2A-71A6-4294-A492-5ECC5FD1802C}
		{A08D8523-92A5-422C-AF60-09E55D7EC793} = {B2058C2A-71A6-4294-A492-5ECC5FD1802C}
	EndGlobalSection
	GlobalSection(ExtensibilityGlobals) = postSolution
		SolutionGuid = {DD081000-213D-4B6E-8961-7F95F16E9A36}
	EndGlobalSection
EndGlobal
